{
  "name": "node",
  "version": "1.0.0",
  "lockfileVersion": 2,
  "requires": true,
  "packages": {
    "": {
      "name": "node",
      "version": "1.0.0",
      "license": "ISC",
      "dependencies": {
        "node-echo": "^0.1.1"
      }
    },
    "node_modules/coffee-script": {
      "version": "1.7.1",
      "resolved": "https://registry.npmmirror.com/coffee-script/-/coffee-script-1.7.1.tgz",
      "integrity": "sha512-W3s+SROY73OmrSGtPTTW/2wp2rmW5vuh0/tUuCK1NvTuyzLOVPccIP9whmhZ4cYWcr2NJPNENZIFaAMkTD5G3w==",
      "deprecated": "CoffeeScript on NPM has moved to \"coffeescript\" (no hyphen)",
      "dependencies": {
        "mkdirp": "~0.3.5"
      },
      "bin": {
        "cake": "bin/cake",
        "coffee": "bin/coffee"
      },
      "engines": {
        "node": ">=0.8.0"
      }
    },
    "node_modules/jistype": {
      "version": "0.0.3",
      "resolved": "https://registry.npmmirror.com/jistype/-/jistype-0.0.3.tgz",
      "integrity": "sha512-E+F/2z71sKUZofBxrDLDgP2UKF/xhL5yqWNwj/YHGOz9JzIpx1Tu6+YuTH68dPRWf+XqYVAiecuAb2BqRjzNcw==",
      "dependencies": {
        "coffee-script": "^1.7.1"
      }
    },
    "node_modules/mkdirp": {
      "version": "0.3.5",
      "resolved": "https://registry.npmmirror.com/mkdirp/-/mkdirp-0.3.5.tgz",
      "integrity": "sha512-8OCq0De/h9ZxseqzCH8Kw/Filf5pF/vMI6+BH7Lu0jXz2pqYCjTAQRolSxRIi+Ax+oCCjlxoJMP0YQ4XlrQNHg==",
      "deprecated": "Legacy versions of mkdirp are no longer supported. Please update to mkdirp 1.x. (Note that the API surface has changed to use Promises in 1.x.)"
    },
    "node_modules/node-echo": {
      "version": "0.1.1",
      "resolved": "https://registry.npmmirror.com/node-echo/-/node-echo-0.1.1.tgz",
      "integrity": "sha512-iW9Jqwc9flDHJMAX3iTUb2VNHLKU0b6OL7ep8SIGvaLbOrFLTbpdrfbtbH07KYKPu0aWU/m4DCe/Xw8bDMMFPg==",
      "dependencies": {
        "coffee-script": "~1.7.1",
        "jistype": "0.0.3",
        "mkdirp": "~0.3.5"
      }
    }
  },
  "dependencies": {
    "coffee-script": {
      "version": "1.7.1",
      "resolved": "https://registry.npmmirror.com/coffee-script/-/coffee-script-1.7.1.tgz",
      "integrity": "sha512-W3s+SROY73OmrSGtPTTW/2wp2rmW5vuh0/tUuCK1NvTuyzLOVPccIP9whmhZ4cYWcr2NJPNENZIFaAMkTD5G3w==",
      "requires": {
        "mkdirp": "~0.3.5"
      }
    },
    "jistype": {
      "version": "0.0.3",
      "resolved": "https://registry.npmmirror.com/jistype/-/jistype-0.0.3.tgz",
      "integrity": "sha512-E+F/2z71sKUZofBxrDLDgP2UKF/xhL5yqWNwj/YHGOz9JzIpx1Tu6+YuTH68dPRWf+XqYVAiecuAb2BqRjzNcw==",
      "requires": {
        "coffee-script": "^1.7.1"
      }
    },
    "mkdirp": {
      "version": "0.3.5",
      "resolved": "https://registry.npmmirror.com/mkdirp/-/mkdirp-0.3.5.tgz",
      "integrity": "sha512-8OCq0De/h9ZxseqzCH8Kw/Filf5pF/vMI6+BH7Lu0jXz2pqYCjTAQRolSxRIi+Ax+oCCjlxoJMP0YQ4XlrQNHg=="
    },
    "node-echo": {
      "version": "0.1.1",
      "resolved": "https://registry.npmmirror.com/node-echo/-/node-echo-0.1.1.tgz",
      "integrity": "sha512-iW9Jqwc9flDHJMAX3iTUb2VNHLKU0b6OL7ep8SIGvaLbOrFLTbpdrfbtbH07KYKPu0aWU/m4DCe/Xw8bDMMFPg==",
      "requires": {
        "coffee-script": "~1.7.1",
        "jistype": "0.0.3",
        "mkdirp": "~0.3.5"
      }
    }
  }
}
